
Microsoft Visual Studio Solution File, Format Version 12.00
# Visual Studio Version 17
VisualStudioVersion = 17.8.34408.163
MinimumVisualStudioVersion = 10.0.40219.1
Project("{FAE04EC0-301F-11D3-BF4B-00C04F79EFBC}") = "WinFormsApp1", "WinFormsApp1\WinFormsApp1.csproj", "{ABD9944D-18EB-4DAF-8D6A-9A08295C2091}"
EndProject
Global
	GlobalSection(SolutionConfigurationPlatforms) = preSolution
		Debug|Any CPU = Debug|Any CPU
		Release|Any CPU = Release|Any CPU
	EndGlobalSection
	GlobalSection(ProjectConfigurationPlatforms) = postSolution
		{ABD9944D-18EB-4DAF-8D6A-9A08295C2091}.Debug|Any CPU.ActiveCfg = Debug|Any CPU
		{ABD9944D-18EB-4DAF-8D6A-9A08295C2091}.Debug|Any CPU.Build.0 = Debug|Any CPU
		{ABD9944D-18EB-4DAF-8D6A-9A08295C2091}.Release|Any CPU.ActiveCfg = Release|Any CPU
		{ABD9944D-18EB-4DAF-8D6A-9A08295C2091}.Release|Any CPU.Build.0 = Release|Any CPU
	EndGlobalSection
	GlobalSection(SolutionProperties) = preSolution
		HideSolutionNode = FALSE
	EndGlobalSection
	GlobalSection(ExtensibilityGlobals) = postSolution
		SolutionGuid = {8B682E66-9789-4396-9FF2-6EBE3064D960}
	EndGlobalSection
EndGlobal
